Microsoft Visual Studio Solution File, Format Version 12.00
# Visual Studio Version 17
VisualStudioVersion = 17.5.2.0
MinimumVisualStudioVersion = 10.0.40219.1
Project("{FAE04EC0-301F-11D3-BF4B-00C04F79EFBC}") = "ApiTestAutomation", "ApiTestAutomation\ApiTestAutomation.csproj", "{714F246E-E028-07B3-CBC8-2E015B67AFFD}"
EndProject
Global
	GlobalSection(SolutionConfigurationPlatforms) = preSolution
		Debug|Any CPU = Debug|Any CPU
		Release|Any CPU = Release|Any CPU
	EndGlobalSection
	GlobalSection(ProjectConfigurationPlatforms) = postSolution
		{714F246E-E028-07B3-CBC8-2E015B67AFFD}.Debug|Any CPU.ActiveCfg = Debug|Any CPU
		{714F246E-E028-07B3-CBC8-2E015B67AFFD}.Debug|Any CPU.Build.0 = Debug|Any CPU
		{714F246E-E028-07B3-CBC8-2E015B67AFFD}.Release|Any CPU.ActiveCfg = Release|Any CPU
		{714F246E-E028-07B3-CBC8-2E015B67AFFD}.Release|Any CPU.Build.0 = Release|Any CPU
	EndGlobalSection
	GlobalSection(SolutionProperties) = preSolution
		HideSolutionNode = FALSE
	EndGlobalSection
	GlobalSection(ExtensibilityGlobals) = postSolution
		SolutionGuid = {5766BFDA-A2B3-4EC2-A741-5E9FFB39ADFD}
	EndGlobalSection
EndGlobal
